
Microsoft Visual Studio Solution File, Format Version 12.00
# Visual Studio Version 17
VisualStudioVersion = 17.6.33829.357
MinimumVisualStudioVersion = 10.0.40219.1
Project("{FAE04EC0-301F-11D3-BF4B-00C04F79EFBC}") = "29-7-2023", "29-7-2023\29-7-2023.csproj", "{C8E9BBBF-95AF-4EE6-8D25-4AF2C9989F82}"
EndProject
Global
	GlobalSection(SolutionConfigurationPlatforms) = preSolution
		Debug|Any CPU = Debug|Any CPU
		Release|Any CPU = Release|Any CPU
	EndGlobalSection
	GlobalSection(ProjectConfigurationPlatforms) = postSolution
		{C8E9BBBF-95AF-4EE6-8D25-4AF2C9989F82}.Debug|Any CPU.ActiveCfg = Debug|Any CPU
		{C8E9BBBF-95AF-4EE6-8D25-4AF2C9989F82}.Debug|Any CPU.Build.0 = Debug|Any CPU
		{C8E9BBBF-95AF-4EE6-8D25-4AF2C9989F82}.Release|Any CPU.ActiveCfg = Release|Any CPU
		{C8E9BBBF-95AF-4EE6-8D25-4AF2C9989F82}.Release|Any CPU.Build.0 = Release|Any CPU
	EndGlobalSection
	GlobalSection(SolutionProperties) = preSolution
		HideSolutionNode = FALSE
	EndGlobalSection
	GlobalSection(ExtensibilityGlobals) = postSolution
		SolutionGuid = {E820CB1A-6B2D-43F8-A162-C2B4B0D43122}
	EndGlobalSection
EndGlobal
