
Microsoft Visual Studio Solution File, Format Version 12.00
# Visual Studio Version 17
VisualStudioVersion = 17.7.34018.315
MinimumVisualStudioVersion = 10.0.40219.1
Project("{FAE04EC0-301F-11D3-BF4B-00C04F79EFBC}") = "Task_Create_File", "Task_Create_File\Task_Create_File.csproj", "{ABDC8FF6-22AF-4842-B0AC-1964CDBAB275}"
EndProject
Global
	GlobalSection(SolutionConfigurationPlatforms) = preSolution
		Debug|Any CPU = Debug|Any CPU
		Release|Any CPU = Release|Any CPU
	EndGlobalSection
	GlobalSection(ProjectConfigurationPlatforms) = postSolution
		{ABDC8FF6-22AF-4842-B0AC-1964CDBAB275}.Debug|Any CPU.ActiveCfg = Debug|Any CPU
		{ABDC8FF6-22AF-4842-B0AC-1964CDBAB275}.Debug|Any CPU.Build.0 = Debug|Any CPU
		{ABDC8FF6-22AF-4842-B0AC-1964CDBAB275}.Release|Any CPU.ActiveCfg = Release|Any CPU
		{ABDC8FF6-22AF-4842-B0AC-1964CDBAB275}.Release|Any CPU.Build.0 = Release|Any CPU
	EndGlobalSection
	GlobalSection(SolutionProperties) = preSolution
		HideSolutionNode = FALSE
	EndGlobalSection
	GlobalSection(ExtensibilityGlobals) = postSolution
		SolutionGuid = {6B60C15F-5D0B-4FAA-909E-0CE480581E0A}
	EndGlobalSection
EndGlobal
